{
  "name": "objection-mixin",
  "version": "0.0.1",
  "lockfileVersion": 1,
  "requires": true,
  "dependencies": {
    "funx-js": {
      "version": "0.0.13",
      "resolved": "https://registry.npmjs.org/funx-js/-/funx-js-0.0.13.tgz",
      "integrity": "sha512-xyppUSunIBttKTuuByrF2pDt296rpXGo4F8rLln5zyrGTKQKzopE05Uu9IxsdfeefeDsUfc6kHU3hF4GhSlVtA=="
    }
  }
}
