{
  "name": "objection-mixin",
  "version": "0.0.1",
  "lockfileVersion": 1,
  "requires": true,
  "dependencies": {
    "funx-js": {
      "version": "0.0.12",
      "resolved": "https://registry.npmjs.org/funx-js/-/funx-js-0.0.12.tgz",
      "integrity": "sha512-ycmzXZQRlJvM6RsccbqhJLIHej6+M1cYQpfLNMDKSC2n4ccaYRuDL1ZNjLyzYFBz3t0fHBEoZTgwW24kLfmb2g=="
    }
  }
}
